
Microsoft Visual Studio Solution File, Format Version 12.00
# Visual Studio 15
VisualStudioVersion = 15.0.28010.2026
MinimumVisualStudioVersion = 10.0.40219.1
Project("{FAE04EC0-301F-11D3-BF4B-00C04F79EFBC}") = "NeoGasLiquid", "NeoGasLiquid\NeoGasLiquid.csproj", "{CED860BA-3D7D-428B-9200-C760BF80EDED}"
EndProject
Global
	GlobalSection(SolutionConfigurationPlatforms) = preSolution
		Debug|Any CPU = Debug|Any CPU
		Release|Any CPU = Release|Any CPU
	EndGlobalSection
	GlobalSection(ProjectConfigurationPlatforms) = postSolution
		{CED860BA-3D7D-428B-9200-C760BF80EDED}.Debug|Any CPU.ActiveCfg = Debug|Any CPU
		{CED860BA-3D7D-428B-9200-C760BF80EDED}.Debug|Any CPU.Build.0 = Debug|Any CPU
		{CED860BA-3D7D-428B-9200-C760BF80EDED}.Release|Any CPU.ActiveCfg = Release|Any CPU
		{CED860BA-3D7D-428B-9200-C760BF80EDED}.Release|Any CPU.Build.0 = Release|Any CPU
	EndGlobalSection
	GlobalSection(SolutionProperties) = preSolution
		HideSolutionNode = FALSE
	EndGlobalSection
	GlobalSection(ExtensibilityGlobals) = postSolution
		SolutionGuid = {E04B4511-3E59-445D-9C06-C40810EB3DC4}
	EndGlobalSection
EndGlobal
